
Microsoft Visual Studio Solution File, Format Version 12.00
# Visual Studio 15
VisualStudioVersion = 15.0.28307.102
MinimumVisualStudioVersion = 10.0.40219.1
Project("{FAE04EC0-301F-11D3-BF4B-00C04F79EFBC}") = "MpcBeFilePositionEx", "MpcBeFilePositionEx\MpcBeFilePositionEx.csproj", "{F76418A1-A644-4FB8-A7C5-21E5FEB5C0CC}"
	ProjectSection(ProjectDependencies) = postProject
		{2650D76E-A505-4E3C-A6D8-D09A58F07DE1} = {2650D76E-A505-4E3C-A6D8-D09A58F07DE1}
	EndProjectSection
EndProject
Project("{FAE04EC0-301F-11D3-BF4B-00C04F79EFBC}") = "MpcBeLauncher", "MpcBeLauncher\MpcBeLauncher.csproj", "{2650D76E-A505-4E3C-A6D8-D09A58F07DE1}"
EndProject
Global
	GlobalSection(SolutionConfigurationPlatforms) = preSolution
		Debug|Any CPU = Debug|Any CPU
		Release|Any CPU = Release|Any CPU
	EndGlobalSection
	GlobalSection(ProjectConfigurationPlatforms) = postSolution
		{F76418A1-A644-4FB8-A7C5-21E5FEB5C0CC}.Debug|Any CPU.ActiveCfg = Debug|Any CPU
		{F76418A1-A644-4FB8-A7C5-21E5FEB5C0CC}.Debug|Any CPU.Build.0 = Debug|Any CPU
		{F76418A1-A644-4FB8-A7C5-21E5FEB5C0CC}.Release|Any CPU.ActiveCfg = Release|Any CPU
		{F76418A1-A644-4FB8-A7C5-21E5FEB5C0CC}.Release|Any CPU.Build.0 = Release|Any CPU
		{2650D76E-A505-4E3C-A6D8-D09A58F07DE1}.Debug|Any CPU.ActiveCfg = Debug|Any CPU
		{2650D76E-A505-4E3C-A6D8-D09A58F07DE1}.Debug|Any CPU.Build.0 = Debug|Any CPU
		{2650D76E-A505-4E3C-A6D8-D09A58F07DE1}.Release|Any CPU.ActiveCfg = Release|Any CPU
		{2650D76E-A505-4E3C-A6D8-D09A58F07DE1}.Release|Any CPU.Build.0 = Release|Any CPU
	EndGlobalSection
	GlobalSection(SolutionProperties) = preSolution
		HideSolutionNode = FALSE
	EndGlobalSection
	GlobalSection(ExtensibilityGlobals) = postSolution
		SolutionGuid = {C20FD9A1-8EFA-47A1-8742-AAF8581683F8}
	EndGlobalSection
EndGlobal
